// !$*UTF8*$!
{
	archiveVersion = 1;
	classes = {
	};
	objectVersion = 77;
	objects = {

/* Begin PBXContainerItemProxy section */
		79077FF32CBAC78800C6B134 /* PBXContainerItemProxy */ = {
			isa = PBXContainerItemProxy;
			containerPortal = 79077FDA2CBAC78600C6B134 /* Project object */;
			proxyType = 1;
			remoteGlobalIDString = 79077FE12CBAC78600C6B134;
			remoteInfo = Lemonade;
		};
		79077FFD2CBAC78800C6B134 /* PBXContainerItemProxy */ = {
			isa = PBXContainerItemProxy;
			containerPortal = 79077FDA2CBAC78600C6B134 /* Project object */;
			proxyType = 1;
			remoteGlobalIDString = 79077FE12CBAC78600C6B134;
			remoteInfo = Lemonade;
		};
/* End PBXContainerItemProxy section */

/* Begin PBXFileReference section */
		79077FE22CBAC78600C6B134 /* Lemonade!.app */ = {isa = PBXFileReference; explicitFileType = wrapper.application; includeInIndex = 0; path = "Lemonade!.app"; sourceTree = BUILT_PRODUCTS_DIR; };
		79077FF22CBAC78800C6B134 /* Lemonade!Tests.xctest */ = {isa = PBXFileReference; explicitFileType = wrapper.cfbundle; includeInIndex = 0; path = "Lemonade!Tests.xctest"; sourceTree = BUILT_PRODUCTS_DIR; };
		79077FFC2CBAC78800C6B134 /* Lemonade!UITests.xctest */ = {isa = PBXFileReference; explicitFileType = wrapper.cfbundle; includeInIndex = 0; path = "Lemonade!UITests.xctest"; sourceTree = BUILT_PRODUCTS_DIR; };
		799B770D2CBD975600CD033E /* Lemonade--Info.plist */ = {isa = PBXFileReference; lastKnownFileType = text.plist; path = "Lemonade--Info.plist"; sourceTree = "<group>"; };
/* End PBXFileReference section */

/* Begin PBXFileSystemSynchronizedRootGroup section */
		79077FE42CBAC78600C6B134 /* Lemonade */ = {
			isa = PBXFileSystemSynchronizedRootGroup;
			path = Lemonade;
			sourceTree = "<group>";
		};
		79077FF52CBAC78800C6B134 /* LemonadeTests */ = {
			isa = PBXFileSystemSynchronizedRootGroup;
			path = LemonadeTests;
			sourceTree = "<group>";
		};
		79077FFF2CBAC78800C6B134 /* LemonadeUITests */ = {
			isa = PBXFileSystemSynchronizedRootGroup;
			path = LemonadeUITests;
			sourceTree = "<group>";
		};
/* End PBXFileSystemSynchronizedRootGroup section */

/* Begin PBXFrameworksBuildPhase section */
		79077FDF2CBAC78600C6B134 /* Frameworks */ = {
			isa = PBXFrameworksBuildPhase;
			buildActionMask = 2147483647;
			files = (
			);
			runOnlyForDeploymentPostprocessing = 0;
		};
		79077FEF2CBAC78800C6B134 /* Frameworks */ = {
			isa = PBXFrameworksBuildPhase;
			buildActionMask = 2147483647;
			files = (
			);
			runOnlyForDeploymentPostprocessing = 0;
		};
		79077FF92CBAC78800C6B134 /* Frameworks */ = {
			isa = PBXFrameworksBuildPhase;
			buildActionMask = 2147483647;
			files = (
			);
			runOnlyForDeploymentPostprocessing = 0;
		};
/* End PBXFrameworksBuildPhase section */

/* Begin PBXGroup section */
		79077FD92CBAC78600C6B134 = {
			isa = PBXGroup;
			children = (
				799B770D2CBD975600CD033E /* Lemonade--Info.plist */,
				79077FE42CBAC78600C6B134 /* Lemonade */,
				79077FF52CBAC78800C6B134 /* LemonadeTests */,
				79077FFF2CBAC78800C6B134 /* LemonadeUITests */,
				79077FE32CBAC78600C6B134 /* Products */,
			);
			sourceTree = "<group>";
		};
		79077FE32CBAC78600C6B134 /* Products */ = {
			isa = PBXGroup;
			children = (
				79077FE22CBAC78600C6B134 /* Lemonade!.app */,
				79077FF22CBAC78800C6B134 /* Lemonade!Tests.xctest */,
				79077FFC2CBAC78800C6B134 /* Lemonade!UITests.xctest */,
			);
			name = Products;
			sourceTree = "<group>";
		};
/* End PBXGroup section */

/* Begin PBXNativeTarget section */
		79077FE12CBAC78600C6B134 /* Lemonade! */ = {
			isa = PBXNativeTarget;
			buildConfigurationList = 790780062CBAC78800C6B134 /* Build configuration list for PBXNativeTarget "Lemonade!" */;
			buildPhases = (
				79077FDE2CBAC78600C6B134 /* Sources */,
				79077FDF2CBAC78600C6B134 /* Frameworks */,
				79077FE02CBAC78600C6B134 /* Resources */,
			);
			buildRules = (
			);
			dependencies = (
			);
			fileSystemSynchronizedGroups = (
				79077FE42CBAC78600C6B134 /* Lemonade */,
			);
			name = "Lemonade!";
			packageProductDependencies = (
			);
			productName = Lemonade;
			productReference = 79077FE22CBAC78600C6B134 /* Lemonade!.app */;
			productType = "com.apple.product-type.application";
		};
		79077FF12CBAC78800C6B134 /* Lemonade!Tests */ = {
			isa = PBXNativeTarget;
			buildConfigurationList = 790780092CBAC78800C6B134 /* Build configuration list for PBXNativeTarget "Lemonade!Tests" */;
			buildPhases = (
				79077FEE2CBAC78800C6B134 /* Sources */,
				79077FEF2CBAC78800C6B134 /* Frameworks */,
				79077FF02CBAC78800C6B134 /* Resources */,
			);
			buildRules = (
			);
			dependencies = (
				79077FF42CBAC78800C6B134 /* PBXTargetDependency */,
			);
			fileSystemSynchronizedGroups = (
				79077FF52CBAC78800C6B134 /* LemonadeTests */,
			);
			name = "Lemonade!Tests";
			packageProductDependencies = (
			);
			productName = LemonadeTests;
			productReference = 79077FF22CBAC78800C6B134 /* Lemonade!Tests.xctest */;
			productType = "com.apple.product-type.bundle.unit-test";
		};
		79077FFB2CBAC78800C6B134 /* Lemonade!UITests */ = {
			isa = PBXNativeTarget;
			buildConfigurationList = 7907800C2CBAC78800C6B134 /* Build configuration list for PBXNativeTarget "Lemonade!UITests" */;
			buildPhases = (
				79077FF82CBAC78800C6B134 /* Sources */,
				79077FF92CBAC78800C6B134 /* Frameworks */,
				79077FFA2CBAC78800C6B134 /* Resources */,
			);
			buildRules = (
			);
			dependencies = (
				79077FFE2CBAC78800C6B134 /* PBXTargetDependency */,
			);
			fileSystemSynchronizedGroups = (
				79077FFF2CBAC78800C6B134 /* LemonadeUITests */,
			);
			name = "Lemonade!UITests";
			packageProductDependencies = (
			);
			productName = LemonadeUITests;
			productReference = 79077FFC2CBAC78800C6B134 /* Lemonade!UITests.xctest */;
			productType = "com.apple.product-type.bundle.ui-testing";
		};
/* End PBXNativeTarget section */

/* Begin PBXProject section */
		79077FDA2CBAC78600C6B134 /* Project object */ = {
			isa = PBXProject;
			attributes = {
				BuildIndependentTargetsInParallel = 1;
				LastSwiftUpdateCheck = 1600;
				LastUpgradeCheck = 1600;
				TargetAttributes = {
					79077FE12CBAC78600C6B134 = {
						CreatedOnToolsVersion = 16.0;
					};
					79077FF12CBAC78800C6B134 = {
						CreatedOnToolsVersion = 16.0;
						TestTargetID = 79077FE12CBAC78600C6B134;
					};
					79077FFB2CBAC78800C6B134 = {
						CreatedOnToolsVersion = 16.0;
						TestTargetID = 79077FE12CBAC78600C6B134;
					};
				};
			};
			buildConfigurationList = 79077FDD2CBAC78600C6B134 /* Build configuration list for PBXProject "Lemonade!" */;
			developmentRegion = en;
			hasScannedForEncodings = 0;
			knownRegions = (
				en,
				Base,
			);
			mainGroup = 79077FD92CBAC78600C6B134;
			minimizedProjectReferenceProxies = 1;
			preferredProjectObjectVersion = 77;
			productRefGroup = 79077FE32CBAC78600C6B134 /* Products */;
			projectDirPath = "";
			projectRoot = "";
			targets = (
				79077FE12CBAC78600C6B134 /* Lemonade! */,
				79077FF12CBAC78800C6B134 /* Lemonade!Tests */,
				79077FFB2CBAC78800C6B134 /* Lemonade!UITests */,
			);
		};
/* End PBXProject section */

/* Begin PBXResourcesBuildPhase section */
		79077FE02CBAC78600C6B134 /* Resources */ = {
			isa = PBXResourcesBuildPhase;
			buildActionMask = 2147483647;
			files = (
			);
			runOnlyForDeploymentPostprocessing = 0;
		};
		79077FF02CBAC78800C6B134 /* Resources */ = {
			isa = PBXResourcesBuildPhase;
			buildActionMask = 2147483647;
			files = (
			);
			runOnlyForDeploymentPostprocessing = 0;
		};
		79077FFA2CBAC78800C6B134 /* Resources */ = {
			isa = PBXResourcesBuildPhase;
			buildActionMask = 2147483647;
			files = (
			);
			runOnlyForDeploymentPostprocessing = 0;
		};
/* End PBXResourcesBuildPhase section */

/* Begin PBXSourcesBuildPhase section */
		79077FDE2CBAC78600C6B134 /* Sources */ = {
			isa = PBXSourcesBuildPhase;
			buildActionMask = 2147483647;
			files = (
			);
			runOnlyForDeploymentPostprocessing = 0;
		};
		79077FEE2CBAC78800C6B134 /* Sources */ = {
			isa = PBXSourcesBuildPhase;
			buildActionMask = 2147483647;
			files = (
			);
			runOnlyForDeploymentPostprocessing = 0;
		};
		79077FF82CBAC78800C6B134 /* Sources */ = {
			isa = PBXSourcesBuildPhase;
			buildActionMask = 2147483647;
			files = (
			);
			runOnlyForDeploymentPostprocessing = 0;
		};
/* End PBXSourcesBuildPhase section */

/* Begin PBXTargetDependency section */
		79077FF42CBAC78800C6B134 /* PBXTargetDependency */ = {
			isa = PBXTargetDependency;
			target = 79077FE12CBAC78600C6B134 /* Lemonade! */;
			targetProxy = 79077FF32CBAC78800C6B134 /* PBXContainerItemProxy */;
		};
		79077FFE2CBAC78800C6B134 /* PBXTargetDependency */ = {
			isa = PBXTargetDependency;
			target = 79077FE12CBAC78600C6B134 /* Lemonade! */;
			targetProxy = 79077FFD2CBAC78800C6B134 /* PBXContainerItemProxy */;
		};
/* End PBXTargetDependency section */

/* Begin XCBuildConfiguration section */
		790780042CBAC78800C6B134 /* Debug */ = {
			isa = XCBuildConfiguration;
			buildSettings = {
				ALWAYS_SEARCH_USER_PATHS = NO;
				ASSETCATALOG_COMPILER_GENERATE_SWIFT_ASSET_SYMBOL_EXTENSIONS = YES;
				CLANG_ANALYZER_NONNULL = YES;
				CLANG_ANALYZER_NUMBER_OBJECT_CONVERSION = YES_AGGRESSIVE;
				CLANG_CXX_LANGUAGE_STANDARD = "gnu++20";
				CLANG_ENABLE_MODULES = YES;
				CLANG_ENABLE_OBJC_ARC = YES;
				CLANG_ENABLE_OBJC_WEAK = YES;
				CLANG_WARN_BLOCK_CAPTURE_AUTORELEASING = YES;
				CLANG_WARN_BOOL_CONVERSION = YES;
				CLANG_WARN_COMMA = YES;
				CLANG_WARN_CONSTANT_CONVERSION = YES;
				CLANG_WARN_DEPRECATED_OBJC_IMPLEMENTATIONS = YES;
				CLANG_WARN_DIRECT_OBJC_ISA_USAGE = YES_ERROR;
				CLANG_WARN_DOCUMENTATION_COMMENTS = YES;
				CLANG_WARN_EMPTY_BODY = YES;
				CLANG_WARN_ENUM_CONVERSION = YES;
				CLANG_WARN_INFINITE_RECURSION = YES;
				CLANG_WARN_INT_CONVERSION = YES;
				CLANG_WARN_NON_LITERAL_NULL_CONVERSION = YES;
				CLANG_WARN_OBJC_IMPLICIT_RETAIN_SELF = YES;
				CLANG_WARN_OBJC_LITERAL_CONVERSION = YES;
				CLANG_WARN_OBJC_ROOT_CLASS = YES_ERROR;
				CLANG_WARN_QUOTED_INCLUDE_IN_FRAMEWORK_HEADER = YES;
				CLANG_WARN_RANGE_LOOP_ANALYSIS = YES;
				CLANG_WARN_STRICT_PROTOTYPES = YES;
				CLANG_WARN_SUSPICIOUS_MOVE = YES;
				CLANG_WARN_UNGUARDED_AVAILABILITY = YES_AGGRESSIVE;
				CLANG_WARN_UNREACHABLE_CODE = YES;
				CLANG_WARN__DUPLICATE_METHOD_MATCH = YES;
				COPY_PHASE_STRIP = NO;
				DEBUG_INFORMATION_FORMAT = dwarf;
				ENABLE_STRICT_OBJC_MSGSEND = YES;
				ENABLE_TESTABILITY = YES;
				ENABLE_USER_SCRIPT_SANDBOXING = YES;
				GCC_C_LANGUAGE_STANDARD = gnu17;
				GCC_DYNAMIC_NO_PIC = NO;
				GCC_NO_COMMON_BLOCKS = YES;
				GCC_OPTIMIZATION_LEVEL = 0;
				GCC_PREPROCESSOR_DEFINITIONS = (
					"DEBUG=1",
					"$(inherited)",
				);
				GCC_WARN_64_TO_32_BIT_CONVERSION = YES;
				GCC_WARN_ABOUT_RETURN_TYPE = YES_ERROR;
				GCC_WARN_UNDECLARED_SELECTOR = YES;
				GCC_WARN_UNINITIALIZED_AUTOS = YES_AGGRESSIVE;
				GCC_WARN_UNUSED_FUNCTION = YES;
				GCC_WARN_UNUSED_VARIABLE = YES;
				IPHONEOS_DEPLOYMENT_TARGET = 18.0;
				LOCALIZATION_PREFERS_STRING_CATALOGS = YES;
				MTL_ENABLE_DEBUG_INFO = INCLUDE_SOURCE;
				MTL_FAST_MATH = YES;
				ONLY_ACTIVE_ARCH = YES;
				SDKROOT = iphoneos;
				SWIFT_ACTIVE_COMPILATION_CONDITIONS = "DEBUG $(inherited)";
				SWIFT_OPTIMIZATION_LEVEL = "-Onone";
			};
			name = Debug;
		};
		790780052CBAC78800C6B134 /* Release */ = {
			isa = XCBuildConfiguration;
			buildSettings = {
				ALWAYS_SEARCH_USER_PATHS = NO;
				ASSETCATALOG_COMPILER_GENERATE_SWIFT_ASSET_SYMBOL_EXTENSIONS = YES;
				CLANG_ANALYZER_NONNULL = YES;
				CLANG_ANALYZER_NUMBER_OBJECT_CONVERSION = YES_AGGRESSIVE;
				CLANG_CXX_LANGUAGE_STANDARD = "gnu++20";
				CLANG_ENABLE_MODULES = YES;
				CLANG_ENABLE_OBJC_ARC = YES;
				CLANG_ENABLE_OBJC_WEAK = YES;
				CLANG_WARN_BLOCK_CAPTURE_AUTORELEASING = YES;
				CLANG_WARN_BOOL_CONVERSION = YES;
				CLANG_WARN_COMMA = YES;
				CLANG_WARN_CONSTANT_CONVERSION = YES;
				CLANG_WARN_DEPRECATED_OBJC_IMPLEMENTATIONS = YES;
				CLANG_WARN_DIRECT_OBJC_ISA_USAGE = YES_ERROR;
				CLANG_WARN_DOCUMENTATION_COMMENTS = YES;
				CLANG_WARN_EMPTY_BODY = YES;
				CLANG_WARN_ENUM_CONVERSION = YES;
				CLANG_WARN_INFINITE_RECURSION = YES;
				CLANG_WARN_INT_CONVERSION = YES;
				CLANG_WARN_NON_LITERAL_NULL_CONVERSION = YES;
				CLANG_WARN_OBJC_IMPLICIT_RETAIN_SELF = YES;
				CLANG_WARN_OBJC_LITERAL_CONVERSION = YES;
				CLANG_WARN_OBJC_ROOT_CLASS = YES_ERROR;
				CLANG_WARN_QUOTED_INCLUDE_IN_FRAMEWORK_HEADER = YES;
				CLANG_WARN_RANGE_LOOP_ANALYSIS = YES;
				CLANG_WARN_STRICT_PROTOTYPES = YES;
				CLANG_WARN_SUSPICIOUS_MOVE = YES;
				CLANG_WARN_UNGUARDED_AVAILABILITY = YES_AGGRESSIVE;
				CLANG_WARN_UNREACHABLE_CODE = YES;
				CLANG_WARN__DUPLICATE_METHOD_MATCH = YES;
				COPY_PHASE_STRIP = NO;
				DEBUG_INFORMATION_FORMAT = "dwarf-with-dsym";
				ENABLE_NS_ASSERTIONS = NO;
				ENABLE_STRICT_OBJC_MSGSEND = YES;
				ENABLE_USER_SCRIPT_SANDBOXING = YES;
				GCC_C_LANGUAGE_STANDARD = gnu17;
				GCC_NO_COMMON_BLOCKS = YES;
				GCC_WARN_64_TO_32_BIT_CONVERSION = YES;
				GCC_WARN_ABOUT_RETURN_TYPE = YES_ERROR;
				GCC_WARN_UNDECLARED_SELECTOR = YES;
				GCC_WARN_UNINITIALIZED_AUTOS = YES_AGGRESSIVE;
				GCC_WARN_UNUSED_FUNCTION = YES;
				GCC_WARN_UNUSED_VARIABLE = YES;
				IPHONEOS_DEPLOYMENT_TARGET = 18.0;
				LOCALIZATION_PREFERS_STRING_CATALOGS = YES;
				MTL_ENABLE_DEBUG_INFO = NO;
				MTL_FAST_MATH = YES;
				SDKROOT = iphoneos;
				SWIFT_COMPILATION_MODE = wholemodule;
				VALIDATE_PRODUCT = YES;
			};
			name = Release;
		};
		790780072CBAC78800C6B134 /* Debug */ = {
			isa = XCBuildConfiguration;
			buildSettings = {
				ASSETCATALOG_COMPILER_APPICON_NAME = AppIcon;
				ASSETCATALOG_COMPILER_GLOBAL_ACCENT_COLOR_NAME = AccentColor;
				CODE_SIGN_STYLE = Automatic;
				CURRENT_PROJECT_VERSION = 3;
				DEVELOPMENT_ASSET_PATHS = "\"Lemonade/Preview Content\"";
				DEVELOPMENT_TEAM = J8JGG4X4KR;
				ENABLE_PREVIEWS = YES;
				GENERATE_INFOPLIST_FILE = YES;
				INFOPLIST_FILE = "Lemonade--Info.plist";
				INFOPLIST_KEY_CFBundleDisplayName = "Lemonade!";
				INFOPLIST_KEY_LSApplicationCategoryType = "public.app-category.games";
				INFOPLIST_KEY_UIApplicationSceneManifest_Generation = YES;
				INFOPLIST_KEY_UIApplicationSupportsIndirectInputEvents = YES;
				INFOPLIST_KEY_UILaunchScreen_Generation = YES;
				INFOPLIST_KEY_UIRequiresFullScreen = YES;
				INFOPLIST_KEY_UISupportedInterfaceOrientations = UIInterfaceOrientationPortrait;
				IPHONEOS_DEPLOYMENT_TARGET = 17.6;
				LD_RUNPATH_SEARCH_PATHS = (
					"$(inherited)",
					"@executable_path/Frameworks",
				);
				MARKETING_VERSION = 2.0;
				PRODUCT_BUNDLE_IDENTIFIER = com.JamieMowbray.Lemonade;
				PRODUCT_NAME = "$(TARGET_NAME)";
				SUPPORTED_PLATFORMS = "iphoneos iphonesimulator";
				SUPPORTS_MACCATALYST = NO;
				SUPPORTS_XR_DESIGNED_FOR_IPHONE_IPAD = NO;
				SWIFT_EMIT_LOC_STRINGS = YES;
				SWIFT_VERSION = 5.0;
				TARGETED_DEVICE_FAMILY = "1,2";
			};
			name = Debug;
		};
		790780082CBAC78800C6B134 /* Release */ = {
			isa = XCBuildConfiguration;
			buildSettings = {
				ASSETCATALOG_COMPILER_APPICON_NAME = AppIcon;
				ASSETCATALOG_COMPILER_GLOBAL_ACCENT_COLOR_NAME = AccentColor;
				CODE_SIGN_STYLE = Automatic;
				CURRENT_PROJECT_VERSION = 3;
				DEVELOPMENT_ASSET_PATHS = "\"Lemonade/Preview Content\"";
				DEVELOPMENT_TEAM = J8JGG4X4KR;
				ENABLE_PREVIEWS = YES;
				GENERATE_INFOPLIST_FILE = YES;
				INFOPLIST_FILE = "Lemonade--Info.plist";
				INFOPLIST_KEY_CFBundleDisplayName = "Lemonade!";
				INFOPLIST_KEY_LSApplicationCategoryType = "public.app-category.games";
				INFOPLIST_KEY_UIApplicationSceneManifest_Generation = YES;
				INFOPLIST_KEY_UIApplicationSupportsIndirectInputEvents = YES;
				INFOPLIST_KEY_UILaunchScreen_Generation = YES;
				INFOPLIST_KEY_UIRequiresFullScreen = YES;
				INFOPLIST_KEY_UISupportedInterfaceOrientations = UIInterfaceOrientationPortrait;
				IPHONEOS_DEPLOYMENT_TARGET = 17.6;
				LD_RUNPATH_SEARCH_PATHS = (
					"$(inherited)",
					"@executable_path/Frameworks",
				);
				MARKETING_VERSION = 2.0;
				PRODUCT_BUNDLE_IDENTIFIER = com.JamieMowbray.Lemonade;
				PRODUCT_NAME = "$(TARGET_NAME)";
				SUPPORTED_PLATFORMS = "iphoneos iphonesimulator";
				SUPPORTS_MACCATALYST = NO;
				SUPPORTS_XR_DESIGNED_FOR_IPHONE_IPAD = NO;
				SWIFT_EMIT_LOC_STRINGS = YES;
				SWIFT_VERSION = 5.0;
				TARGETED_DEVICE_FAMILY = "1,2";
			};
			name = Release;
		};
		7907800A2CBAC78800C6B134 /* Debug */ = {
			isa = XCBuildConfiguration;
			buildSettings = {
				BUNDLE_LOADER = "$(TEST_HOST)";
				CODE_SIGN_STYLE = Automatic;
				CURRENT_PROJECT_VERSION = 1;
				DEVELOPMENT_TEAM = J8JGG4X4KR;
				GENERATE_INFOPLIST_FILE = YES;
				IPHONEOS_DEPLOYMENT_TARGET = 18.0;
				MARKETING_VERSION = 1.0;
				PRODUCT_BUNDLE_IDENTIFIER = com.JamieMowbrayApps.LemonadeTests;
				PRODUCT_NAME = "$(TARGET_NAME)";
				SWIFT_EMIT_LOC_STRINGS = NO;
				SWIFT_VERSION = 5.0;
				TARGETED_DEVICE_FAMILY = "1,2";
				TEST_HOST = "$(BUILT_PRODUCTS_DIR)/Lemonade!.app/$(BUNDLE_EXECUTABLE_FOLDER_PATH)/Lemonade!";
			};
			name = Debug;
		};
		7907800B2CBAC78800C6B134 /* Release */ = {
			isa = XCBuildConfiguration;
			buildSettings = {
				BUNDLE_LOADER = "$(TEST_HOST)";
				CODE_SIGN_STYLE = Automatic;
				CURRENT_PROJECT_VERSION = 1;
				DEVELOPMENT_TEAM = J8JGG4X4KR;
				GENERATE_INFOPLIST_FILE = YES;
				IPHONEOS_DEPLOYMENT_TARGET = 18.0;
				MARKETING_VERSION = 1.0;
				PRODUCT_BUNDLE_IDENTIFIER = com.JamieMowbrayApps.LemonadeTests;
				PRODUCT_NAME = "$(TARGET_NAME)";
				SWIFT_EMIT_LOC_STRINGS = NO;
				SWIFT_VERSION = 5.0;
				TARGETED_DEVICE_FAMILY = "1,2";
				TEST_HOST = "$(BUILT_PRODUCTS_DIR)/Lemonade!.app/$(BUNDLE_EXECUTABLE_FOLDER_PATH)/Lemonade!";
			};
			name = Release;
		};
		7907800D2CBAC78800C6B134 /* Debug */ = {
			isa = XCBuildConfiguration;
			buildSettings = {
				CODE_SIGN_STYLE = Automatic;
				CURRENT_PROJECT_VERSION = 1;
				DEVELOPMENT_TEAM = J8JGG4X4KR;
				GENERATE_INFOPLIST_FILE = YES;
				MARKETING_VERSION = 1.0;
				PRODUCT_BUNDLE_IDENTIFIER = com.JamieMowbrayApps.LemonadeUITests;
				PRODUCT_NAME = "$(TARGET_NAME)";
				SWIFT_EMIT_LOC_STRINGS = NO;
				SWIFT_VERSION = 5.0;
				TARGETED_DEVICE_FAMILY = "1,2";
				TEST_TARGET_NAME = Lemonade;
			};
			name = Debug;
		};
		7907800E2CBAC78800C6B134 /* Release */ = {
			isa = XCBuildConfiguration;
			buildSettings = {
				CODE_SIGN_STYLE = Automatic;
				CURRENT_PROJECT_VERSION = 1;
				DEVELOPMENT_TEAM = J8JGG4X4KR;
				GENERATE_INFOPLIST_FILE = YES;
				MARKETING_VERSION = 1.0;
				PRODUCT_BUNDLE_IDENTIFIER = com.JamieMowbrayApps.LemonadeUITests;
				PRODUCT_NAME = "$(TARGET_NAME)";
				SWIFT_EMIT_LOC_STRINGS = NO;
				SWIFT_VERSION = 5.0;
				TARGETED_DEVICE_FAMILY = "1,2";
				TEST_TARGET_NAME = Lemonade;
			};
			name = Release;
		};
/* End XCBuildConfiguration section */

/* Begin XCConfigurationList section */
		79077FDD2CBAC78600C6B134 /* Build configuration list for PBXProject "Lemonade!" */ = {
			isa = XCConfigurationList;
			buildConfigurations = (
				790780042CBAC78800C6B134 /* Debug */,
				790780052CBAC78800C6B134 /* Release */,
			);
			defaultConfigurationIsVisible = 0;
			defaultConfigurationName = Release;
		};
		790780062CBAC78800C6B134 /* Build configuration list for PBXNativeTarget "Lemonade!" */ = {
			isa = XCConfigurationList;
			buildConfigurations = (
				790780072CBAC78800C6B134 /* Debug */,
				790780082CBAC78800C6B134 /* Release */,
			);
			defaultConfigurationIsVisible = 0;
			defaultConfigurationName = Release;
		};
		790780092CBAC78800C6B134 /* Build configuration list for PBXNativeTarget "Lemonade!Tests" */ = {
			isa = XCConfigurationList;
			buildConfigurations = (
				7907800A2CBAC78800C6B134 /* Debug */,
				7907800B2CBAC78800C6B134 /* Release */,
			);
			defaultConfigurationIsVisible = 0;
			defaultConfigurationName = Release;
		};
		7907800C2CBAC78800C6B134 /* Build configuration list for PBXNativeTarget "Lemonade!UITests" */ = {
			isa = XCConfigurationList;
			buildConfigurations = (
				7907800D2CBAC78800C6B134 /* Debug */,
				7907800E2CBAC78800C6B134 /* Release */,
			);
			defaultConfigurationIsVisible = 0;
			defaultConfigurationName = Release;
		};
/* End XCConfigurationList section */
	};
	rootObject = 79077FDA2CBAC78600C6B134 /* Project object */;
}
